// !$*UTF8*$!
{
	archiveVersion = 1;
	classes = {
	};
	objectVersion = 56;
	objects = {

/* Begin PBXBuildFile section */
		1CFB70CC2AC214BD005AE041 /* GSTouchesBegan.swift in Sources */ = {isa = PBXBuildFile; fileRef = 1CFB70CB2AC214BD005AE041 /* GSTouchesBegan.swift */; };
		1CFB70CE2AC21C06005AE041 /* MenuViewController.swift in Sources */ = {isa = PBXBuildFile; fileRef = 1CFB70CD2AC21C06005AE041 /* MenuViewController.swift */; };
		1CFB70D92AC22334005AE041 /* b.wav in Resources */ = {isa = PBXBuildFile; fileRef = 1CFB70D02AC22332005AE041 /* b.wav */; };
		1CFB70DA2AC22334005AE041 /* e1.wav in Resources */ = {isa = PBXBuildFile; fileRef = 1CFB70D12AC22333005AE041 /* e1.wav */; };
		1CFB70DB2AC22334005AE041 /* a.wav in Resources */ = {isa = PBXBuildFile; fileRef = 1CFB70D22AC22333005AE041 /* a.wav */; };
		1CFB70DC2AC22334005AE041 /* c2.wav in Resources */ = {isa = PBXBuildFile; fileRef = 1CFB70D32AC22333005AE041 /* c2.wav */; };
		1CFB70DD2AC22334005AE041 /* g.wav in Resources */ = {isa = PBXBuildFile; fileRef = 1CFB70D42AC22333005AE041 /* g.wav */; };
		1CFB70DE2AC22334005AE041 /* f.wav in Resources */ = {isa = PBXBuildFile; fileRef = 1CFB70D52AC22333005AE041 /* f.wav */; };
		1CFB70DF2AC22334005AE041 /* c.wav in Resources */ = {isa = PBXBuildFile; fileRef = 1CFB70D62AC22334005AE041 /* c.wav */; };
		1CFB70E02AC22334005AE041 /* d1.wav in Resources */ = {isa = PBXBuildFile; fileRef = 1CFB70D72AC22334005AE041 /* d1.wav */; };
		1CFB70E12AC22334005AE041 /* sweep.wav in Resources */ = {isa = PBXBuildFile; fileRef = 1CFB70D82AC22334005AE041 /* sweep.wav */; };
		E7F2B2E82AC2FB1F0000E8F0 /* NotesReference.swift in Sources */ = {isa = PBXBuildFile; fileRef = E7F2B2E72AC2FB1F0000E8F0 /* NotesReference.swift */; };
		F92FFE372AC3134900F73E77 /* MockedSongs.swift in Sources */ = {isa = PBXBuildFile; fileRef = F92FFE362AC3134900F73E77 /* MockedSongs.swift */; };
		F92FFE3B2AC3246E00F73E77 /* SimonAI.swift in Sources */ = {isa = PBXBuildFile; fileRef = F92FFE3A2AC3246E00F73E77 /* SimonAI.swift */; };
		F92FFE3D2AC328C300F73E77 /* GSSetupSimonAI.swift in Sources */ = {isa = PBXBuildFile; fileRef = F92FFE3C2AC328C300F73E77 /* GSSetupSimonAI.swift */; };
		E7F2B2E82AC2FB1F0000E8F0 /* NotesReference.swift in Sources */ = {isa = PBXBuildFile; fileRef = E7F2B2E72AC2FB1F0000E8F0 /* NotesReference.swift */; };
		F92FFE3F2AC3459E00F73E77 /* InputValidation.swift in Sources */ = {isa = PBXBuildFile; fileRef = F92FFE3E2AC3459E00F73E77 /* InputValidation.swift */; };
		F9D959C82AC204F0005E23E8 /* AppDelegate.swift in Sources */ = {isa = PBXBuildFile; fileRef = F9D959C72AC204F0005E23E8 /* AppDelegate.swift */; };
		F9D959CA2AC204F0005E23E8 /* GameScene.sks in Resources */ = {isa = PBXBuildFile; fileRef = F9D959C92AC204F0005E23E8 /* GameScene.sks */; };
		F9D959CE2AC204F0005E23E8 /* GameScene.swift in Sources */ = {isa = PBXBuildFile; fileRef = F9D959CD2AC204F0005E23E8 /* GameScene.swift */; };
		F9D959D02AC204F0005E23E8 /* GameViewController.swift in Sources */ = {isa = PBXBuildFile; fileRef = F9D959CF2AC204F0005E23E8 /* GameViewController.swift */; };
		F9D959D32AC204F0005E23E8 /* Main.storyboard in Resources */ = {isa = PBXBuildFile; fileRef = F9D959D12AC204F0005E23E8 /* Main.storyboard */; };
		F9D959D52AC204F1005E23E8 /* Assets.xcassets in Resources */ = {isa = PBXBuildFile; fileRef = F9D959D42AC204F1005E23E8 /* Assets.xcassets */; };
		F9D959D82AC204F1005E23E8 /* LaunchScreen.storyboard in Resources */ = {isa = PBXBuildFile; fileRef = F9D959D62AC204F1005E23E8 /* LaunchScreen.storyboard */; };
		F9D959E02AC206F5005E23E8 /* GSUpdate.swift in Sources */ = {isa = PBXBuildFile; fileRef = F9D959DF2AC206F5005E23E8 /* GSUpdate.swift */; };
		F9D959E32AC207A0005E23E8 /* XiloKeys.swift in Sources */ = {isa = PBXBuildFile; fileRef = F9D959E22AC207A0005E23E8 /* XiloKeys.swift */; };
		F9D959E52AC20CBD005E23E8 /* GSSetupBackground.swift in Sources */ = {isa = PBXBuildFile; fileRef = F9D959E42AC20CBD005E23E8 /* GSSetupBackground.swift */; };
		F9D959E72AC20CE5005E23E8 /* GSSetupKeys.swift in Sources */ = {isa = PBXBuildFile; fileRef = F9D959E62AC20CE5005E23E8 /* GSSetupKeys.swift */; };
		F9D959E92AC21836005E23E8 /* GSSetupStartButton.swift in Sources */ = {isa = PBXBuildFile; fileRef = F9D959E82AC21836005E23E8 /* GSSetupStartButton.swift */; };
		F9D959ED2AC21CC0005E23E8 /* GSPlayNode.swift in Sources */ = {isa = PBXBuildFile; fileRef = F9D959EC2AC21CC0005E23E8 /* GSPlayNode.swift */; };
/* End PBXBuildFile section */

/* Begin PBXFileReference section */
		1CFB70CB2AC214BD005AE041 /* GSTouchesBegan.swift */ = {isa = PBXFileReference; lastKnownFileType = sourcecode.swift; path = GSTouchesBegan.swift; sourceTree = "<group>"; };
		1CFB70CD2AC21C06005AE041 /* MenuViewController.swift */ = {isa = PBXFileReference; lastKnownFileType = sourcecode.swift; path = MenuViewController.swift; sourceTree = "<group>"; };
		1CFB70D02AC22332005AE041 /* b.wav */ = {isa = PBXFileReference; lastKnownFileType = audio.wav; path = b.wav; sourceTree = "<group>"; };
		1CFB70D12AC22333005AE041 /* e1.wav */ = {isa = PBXFileReference; lastKnownFileType = audio.wav; path = e1.wav; sourceTree = "<group>"; };
		1CFB70D22AC22333005AE041 /* a.wav */ = {isa = PBXFileReference; lastKnownFileType = audio.wav; path = a.wav; sourceTree = "<group>"; };
		1CFB70D32AC22333005AE041 /* c2.wav */ = {isa = PBXFileReference; lastKnownFileType = audio.wav; path = c2.wav; sourceTree = "<group>"; };
		1CFB70D42AC22333005AE041 /* g.wav */ = {isa = PBXFileReference; lastKnownFileType = audio.wav; path = g.wav; sourceTree = "<group>"; };
		1CFB70D52AC22333005AE041 /* f.wav */ = {isa = PBXFileReference; lastKnownFileType = audio.wav; path = f.wav; sourceTree = "<group>"; };
		1CFB70D62AC22334005AE041 /* c.wav */ = {isa = PBXFileReference; lastKnownFileType = audio.wav; path = c.wav; sourceTree = "<group>"; };
		1CFB70D72AC22334005AE041 /* d1.wav */ = {isa = PBXFileReference; lastKnownFileType = audio.wav; path = d1.wav; sourceTree = "<group>"; };
		1CFB70D82AC22334005AE041 /* sweep.wav */ = {isa = PBXFileReference; lastKnownFileType = audio.wav; path = sweep.wav; sourceTree = "<group>"; };
		E7F2B2E72AC2FB1F0000E8F0 /* NotesReference.swift */ = {isa = PBXFileReference; lastKnownFileType = sourcecode.swift; path = NotesReference.swift; sourceTree = "<group>"; };
		F92FFE362AC3134900F73E77 /* MockedSongs.swift */ = {isa = PBXFileReference; lastKnownFileType = sourcecode.swift; path = MockedSongs.swift; sourceTree = "<group>"; };
		F92FFE3A2AC3246E00F73E77 /* SimonAI.swift */ = {isa = PBXFileReference; lastKnownFileType = sourcecode.swift; path = SimonAI.swift; sourceTree = "<group>"; };
		F92FFE3C2AC328C300F73E77 /* GSSetupSimonAI.swift */ = {isa = PBXFileReference; lastKnownFileType = sourcecode.swift; path = GSSetupSimonAI.swift; sourceTree = "<group>"; };
		E7F2B2E72AC2FB1F0000E8F0 /* NotesReference.swift */ = {isa = PBXFileReference; lastKnownFileType = sourcecode.swift; path = NotesReference.swift; sourceTree = "<group>"; };
		F92FFE3E2AC3459E00F73E77 /* InputValidation.swift */ = {isa = PBXFileReference; lastKnownFileType = sourcecode.swift; path = InputValidation.swift; sourceTree = "<group>"; };
		F9D959C42AC204F0005E23E8 /* XiloLearn.app */ = {isa = PBXFileReference; explicitFileType = wrapper.application; includeInIndex = 0; path = XiloLearn.app; sourceTree = BUILT_PRODUCTS_DIR; };
		F9D959C72AC204F0005E23E8 /* AppDelegate.swift */ = {isa = PBXFileReference; lastKnownFileType = sourcecode.swift; path = AppDelegate.swift; sourceTree = "<group>"; };
		F9D959C92AC204F0005E23E8 /* GameScene.sks */ = {isa = PBXFileReference; lastKnownFileType = file.sks; path = GameScene.sks; sourceTree = "<group>"; };
		F9D959CD2AC204F0005E23E8 /* GameScene.swift */ = {isa = PBXFileReference; lastKnownFileType = sourcecode.swift; path = GameScene.swift; sourceTree = "<group>"; };
		F9D959CF2AC204F0005E23E8 /* GameViewController.swift */ = {isa = PBXFileReference; lastKnownFileType = sourcecode.swift; path = GameViewController.swift; sourceTree = "<group>"; };
		F9D959D22AC204F0005E23E8 /* Base */ = {isa = PBXFileReference; lastKnownFileType = file.storyboard; name = Base; path = Base.lproj/Main.storyboard; sourceTree = "<group>"; };
		F9D959D42AC204F1005E23E8 /* Assets.xcassets */ = {isa = PBXFileReference; lastKnownFileType = folder.assetcatalog; path = Assets.xcassets; sourceTree = "<group>"; };
		F9D959D72AC204F1005E23E8 /* Base */ = {isa = PBXFileReference; lastKnownFileType = file.storyboard; name = Base; path = Base.lproj/LaunchScreen.storyboard; sourceTree = "<group>"; };
		F9D959DF2AC206F5005E23E8 /* GSUpdate.swift */ = {isa = PBXFileReference; lastKnownFileType = sourcecode.swift; path = GSUpdate.swift; sourceTree = "<group>"; };
		F9D959E22AC207A0005E23E8 /* XiloKeys.swift */ = {isa = PBXFileReference; lastKnownFileType = sourcecode.swift; path = XiloKeys.swift; sourceTree = "<group>"; };
		F9D959E42AC20CBD005E23E8 /* GSSetupBackground.swift */ = {isa = PBXFileReference; lastKnownFileType = sourcecode.swift; path = GSSetupBackground.swift; sourceTree = "<group>"; };
		F9D959E62AC20CE5005E23E8 /* GSSetupKeys.swift */ = {isa = PBXFileReference; lastKnownFileType = sourcecode.swift; path = GSSetupKeys.swift; sourceTree = "<group>"; };
		F9D959E82AC21836005E23E8 /* GSSetupStartButton.swift */ = {isa = PBXFileReference; lastKnownFileType = sourcecode.swift; path = GSSetupStartButton.swift; sourceTree = "<group>"; };
		F9D959EC2AC21CC0005E23E8 /* GSPlayNode.swift */ = {isa = PBXFileReference; lastKnownFileType = sourcecode.swift; path = GSPlayNode.swift; sourceTree = "<group>"; };
/* End PBXFileReference section */

/* Begin PBXFrameworksBuildPhase section */
		F9D959C12AC204F0005E23E8 /* Frameworks */ = {
			isa = PBXFrameworksBuildPhase;
			buildActionMask = 2147483647;
			files = (
			);
			runOnlyForDeploymentPostprocessing = 0;
		};
/* End PBXFrameworksBuildPhase section */

/* Begin PBXGroup section */
		1CFB70CF2AC22163005AE041 /* xiloSounds */ = {
			isa = PBXGroup;
			children = (
				1CFB70D22AC22333005AE041 /* a.wav */,
				1CFB70D02AC22332005AE041 /* b.wav */,
				1CFB70D62AC22334005AE041 /* c.wav */,
				1CFB70D32AC22333005AE041 /* c2.wav */,
				1CFB70D72AC22334005AE041 /* d1.wav */,
				1CFB70D12AC22333005AE041 /* e1.wav */,
				1CFB70D52AC22333005AE041 /* f.wav */,
				1CFB70D42AC22333005AE041 /* g.wav */,
				1CFB70D82AC22334005AE041 /* sweep.wav */,
				E7F2B2E72AC2FB1F0000E8F0 /* NotesReference.swift */,
			);
			path = xiloSounds;
			sourceTree = "<group>";
		};
		F92FFE392AC3243800F73E77 /* SimonAI */ = {
			isa = PBXGroup;
			children = (
				F92FFE3A2AC3246E00F73E77 /* SimonAI.swift */,
				F92FFE3E2AC3459E00F73E77 /* InputValidation.swift */,
			);
			path = SimonAI;
			sourceTree = "<group>";
		};
		F9D959BB2AC204F0005E23E8 = {
			isa = PBXGroup;
			children = (
				F9D959C62AC204F0005E23E8 /* XiloLearn */,
				F9D959C52AC204F0005E23E8 /* Products */,
			);
			sourceTree = "<group>";
		};
		F9D959C52AC204F0005E23E8 /* Products */ = {
			isa = PBXGroup;
			children = (
				F9D959C42AC204F0005E23E8 /* XiloLearn.app */,
			);
			name = Products;
			sourceTree = "<group>";
		};
		F9D959C62AC204F0005E23E8 /* XiloLearn */ = {
			isa = PBXGroup;
			children = (
				1CFB70CF2AC22163005AE041 /* xiloSounds */,
				F9D959C72AC204F0005E23E8 /* AppDelegate.swift */,
				F9D959C92AC204F0005E23E8 /* GameScene.sks */,
				1CFB70CD2AC21C06005AE041 /* MenuViewController.swift */,
				F9D959DE2AC206E0005E23E8 /* GameSceneExtensions */,
				F9D959CF2AC204F0005E23E8 /* GameViewController.swift */,
				F92FFE392AC3243800F73E77 /* SimonAI */,
				F9D959E12AC20761005E23E8 /* Data */,
				F9D959D12AC204F0005E23E8 /* Main.storyboard */,
				F9D959D42AC204F1005E23E8 /* Assets.xcassets */,
				F9D959D62AC204F1005E23E8 /* LaunchScreen.storyboard */,
			);
			path = XiloLearn;
			sourceTree = "<group>";
		};
		F9D959DE2AC206E0005E23E8 /* GameSceneExtensions */ = {
			isa = PBXGroup;
			children = (
				F9D959CD2AC204F0005E23E8 /* GameScene.swift */,
				F9D959EB2AC21865005E23E8 /* Setups */,
				F9D959DF2AC206F5005E23E8 /* GSUpdate.swift */,
				1CFB70CB2AC214BD005AE041 /* GSTouchesBegan.swift */,
				F9D959EC2AC21CC0005E23E8 /* GSPlayNode.swift */,
			);
			path = GameSceneExtensions;
			sourceTree = "<group>";
		};
		F9D959E12AC20761005E23E8 /* Data */ = {
			isa = PBXGroup;
			children = (
				F9D959E22AC207A0005E23E8 /* XiloKeys.swift */,
				F92FFE362AC3134900F73E77 /* MockedSongs.swift */,
			);
			path = Data;
			sourceTree = "<group>";
		};
		F9D959EB2AC21865005E23E8 /* Setups */ = {
			isa = PBXGroup;
			children = (
				F92FFE3C2AC328C300F73E77 /* GSSetupSimonAI.swift */,
				F9D959E42AC20CBD005E23E8 /* GSSetupBackground.swift */,
				F9D959E62AC20CE5005E23E8 /* GSSetupKeys.swift */,
				F9D959E82AC21836005E23E8 /* GSSetupStartButton.swift */,
			);
			path = Setups;
			sourceTree = "<group>";
		};
/* End PBXGroup section */

/* Begin PBXNativeTarget section */
		F9D959C32AC204F0005E23E8 /* XiloLearn */ = {
			isa = PBXNativeTarget;
			buildConfigurationList = F9D959DB2AC204F1005E23E8 /* Build configuration list for PBXNativeTarget "XiloLearn" */;
			buildPhases = (
				F9D959C02AC204F0005E23E8 /* Sources */,
				F9D959C12AC204F0005E23E8 /* Frameworks */,
				F9D959C22AC204F0005E23E8 /* Resources */,
			);
			buildRules = (
			);
			dependencies = (
			);
			name = XiloLearn;
			productName = XiloLearn;
			productReference = F9D959C42AC204F0005E23E8 /* XiloLearn.app */;
			productType = "com.apple.product-type.application";
		};
/* End PBXNativeTarget section */

/* Begin PBXProject section */
		F9D959BC2AC204F0005E23E8 /* Project object */ = {
			isa = PBXProject;
			attributes = {
				BuildIndependentTargetsInParallel = 1;
				LastSwiftUpdateCheck = 1430;
				LastUpgradeCheck = 1430;
				TargetAttributes = {
					F9D959C32AC204F0005E23E8 = {
						CreatedOnToolsVersion = 14.3.1;
					};
				};
			};
			buildConfigurationList = F9D959BF2AC204F0005E23E8 /* Build configuration list for PBXProject "XiloLearn" */;
			compatibilityVersion = "Xcode 14.0";
			developmentRegion = en;
			hasScannedForEncodings = 0;
			knownRegions = (
				en,
				Base,
			);
			mainGroup = F9D959BB2AC204F0005E23E8;
			productRefGroup = F9D959C52AC204F0005E23E8 /* Products */;
			projectDirPath = "";
			projectRoot = "";
			targets = (
				F9D959C32AC204F0005E23E8 /* XiloLearn */,
			);
		};
/* End PBXProject section */

/* Begin PBXResourcesBuildPhase section */
		F9D959C22AC204F0005E23E8 /* Resources */ = {
			isa = PBXResourcesBuildPhase;
			buildActionMask = 2147483647;
			files = (
				1CFB70E12AC22334005AE041 /* sweep.wav in Resources */,
				1CFB70DF2AC22334005AE041 /* c.wav in Resources */,
				1CFB70DA2AC22334005AE041 /* e1.wav in Resources */,
				F9D959D32AC204F0005E23E8 /* Main.storyboard in Resources */,
				E7493D712AC20B4E0053B629 /* d1.wav in Resources */,
				E7493D732AC20B4E0053B629 /* g.wav in Resources */,
				E7493D6E2AC20B4E0053B629 /* c.wav in Resources */,
				F9D959CA2AC204F0005E23E8 /* GameScene.sks in Resources */,
				1CFB70DD2AC22334005AE041 /* g.wav in Resources */,
				1CFB70D92AC22334005AE041 /* b.wav in Resources */,
				F9D959D52AC204F1005E23E8 /* Assets.xcassets in Resources */,
				1CFB70DB2AC22334005AE041 /* a.wav in Resources */,
				F9D959D82AC204F1005E23E8 /* LaunchScreen.storyboard in Resources */,
				1CFB70DC2AC22334005AE041 /* c2.wav in Resources */,
				1CFB70DE2AC22334005AE041 /* f.wav in Resources */,
				1CFB70E02AC22334005AE041 /* d1.wav in Resources */,
			);
			runOnlyForDeploymentPostprocessing = 0;
		};
/* End PBXResourcesBuildPhase section */

/* Begin PBXSourcesBuildPhase section */
		F9D959C02AC204F0005E23E8 /* Sources */ = {
			isa = PBXSourcesBuildPhase;
			buildActionMask = 2147483647;
			files = (
				F92FFE3B2AC3246E00F73E77 /* SimonAI.swift in Sources */,
				F9D959CE2AC204F0005E23E8 /* GameScene.swift in Sources */,
				1CFB70CC2AC214BD005AE041 /* GSTouchesBegan.swift in Sources */,
				F92FFE3D2AC328C300F73E77 /* GSSetupSimonAI.swift in Sources */,
				F9D959E52AC20CBD005E23E8 /* GSSetupBackground.swift in Sources */,
				F9D959D02AC204F0005E23E8 /* GameViewController.swift in Sources */,
				1CFB70CE2AC21C06005AE041 /* MenuViewController.swift in Sources */,
				F9D959E32AC207A0005E23E8 /* XiloKeys.swift in Sources */,
				F9D959ED2AC21CC0005E23E8 /* GSPlayNode.swift in Sources */,
				F9D959E72AC20CE5005E23E8 /* GSSetupKeys.swift in Sources */,
				F9D959E02AC206F5005E23E8 /* GSUpdate.swift in Sources */,
				F92FFE3F2AC3459E00F73E77 /* InputValidation.swift in Sources */,
				E7F2B2E82AC2FB1F0000E8F0 /* NotesReference.swift in Sources */,
				F9D959C82AC204F0005E23E8 /* AppDelegate.swift in Sources */,
				F9D959E92AC21836005E23E8 /* GSSetupStartButton.swift in Sources */,
				F92FFE372AC3134900F73E77 /* MockedSongs.swift in Sources */,
			);
			runOnlyForDeploymentPostprocessing = 0;
		};
/* End PBXSourcesBuildPhase section */

/* Begin PBXVariantGroup section */
		F9D959D12AC204F0005E23E8 /* Main.storyboard */ = {
			isa = PBXVariantGroup;
			children = (
				F9D959D22AC204F0005E23E8 /* Base */,
			);
			name = Main.storyboard;
			sourceTree = "<group>";
		};
		F9D959D62AC204F1005E23E8 /* LaunchScreen.storyboard */ = {
			isa = PBXVariantGroup;
			children = (
				F9D959D72AC204F1005E23E8 /* Base */,
			);
			name = LaunchScreen.storyboard;
			sourceTree = "<group>";
		};
/* End PBXVariantGroup section */

/* Begin XCBuildConfiguration section */
		F9D959D92AC204F1005E23E8 /* Debug */ = {
			isa = XCBuildConfiguration;
			buildSettings = {
				ALWAYS_SEARCH_USER_PATHS = NO;
				CLANG_ANALYZER_NONNULL = YES;
				CLANG_ANALYZER_NUMBER_OBJECT_CONVERSION = YES_AGGRESSIVE;
				CLANG_CXX_LANGUAGE_STANDARD = "gnu++20";
				CLANG_ENABLE_MODULES = YES;
				CLANG_ENABLE_OBJC_ARC = YES;
				CLANG_ENABLE_OBJC_WEAK = YES;
				CLANG_WARN_BLOCK_CAPTURE_AUTORELEASING = YES;
				CLANG_WARN_BOOL_CONVERSION = YES;
				CLANG_WARN_COMMA = YES;
				CLANG_WARN_CONSTANT_CONVERSION = YES;
				CLANG_WARN_DEPRECATED_OBJC_IMPLEMENTATIONS = YES;
				CLANG_WARN_DIRECT_OBJC_ISA_USAGE = YES_ERROR;
				CLANG_WARN_DOCUMENTATION_COMMENTS = YES;
				CLANG_WARN_EMPTY_BODY = YES;
				CLANG_WARN_ENUM_CONVERSION = YES;
				CLANG_WARN_INFINITE_RECURSION = YES;
				CLANG_WARN_INT_CONVERSION = YES;
				CLANG_WARN_NON_LITERAL_NULL_CONVERSION = YES;
				CLANG_WARN_OBJC_IMPLICIT_RETAIN_SELF = YES;
				CLANG_WARN_OBJC_LITERAL_CONVERSION = YES;
				CLANG_WARN_OBJC_ROOT_CLASS = YES_ERROR;
				CLANG_WARN_QUOTED_INCLUDE_IN_FRAMEWORK_HEADER = YES;
				CLANG_WARN_RANGE_LOOP_ANALYSIS = YES;
				CLANG_WARN_STRICT_PROTOTYPES = YES;
				CLANG_WARN_SUSPICIOUS_MOVE = YES;
				CLANG_WARN_UNGUARDED_AVAILABILITY = YES_AGGRESSIVE;
				CLANG_WARN_UNREACHABLE_CODE = YES;
				CLANG_WARN__DUPLICATE_METHOD_MATCH = YES;
				COPY_PHASE_STRIP = NO;
				DEBUG_INFORMATION_FORMAT = dwarf;
				ENABLE_STRICT_OBJC_MSGSEND = YES;
				ENABLE_TESTABILITY = YES;
				GCC_C_LANGUAGE_STANDARD = gnu11;
				GCC_DYNAMIC_NO_PIC = NO;
				GCC_NO_COMMON_BLOCKS = YES;
				GCC_OPTIMIZATION_LEVEL = 0;
				GCC_PREPROCESSOR_DEFINITIONS = (
					"DEBUG=1",
					"$(inherited)",
				);
				GCC_WARN_64_TO_32_BIT_CONVERSION = YES;
				GCC_WARN_ABOUT_RETURN_TYPE = YES_ERROR;
				GCC_WARN_UNDECLARED_SELECTOR = YES;
				GCC_WARN_UNINITIALIZED_AUTOS = YES_AGGRESSIVE;
				GCC_WARN_UNUSED_FUNCTION = YES;
				GCC_WARN_UNUSED_VARIABLE = YES;
				IPHONEOS_DEPLOYMENT_TARGET = 16.4;
				MTL_ENABLE_DEBUG_INFO = INCLUDE_SOURCE;
				MTL_FAST_MATH = YES;
				ONLY_ACTIVE_ARCH = YES;
				SDKROOT = iphoneos;
				SWIFT_ACTIVE_COMPILATION_CONDITIONS = DEBUG;
				SWIFT_OPTIMIZATION_LEVEL = "-Onone";
			};
			name = Debug;
		};
		F9D959DA2AC204F1005E23E8 /* Release */ = {
			isa = XCBuildConfiguration;
			buildSettings = {
				ALWAYS_SEARCH_USER_PATHS = NO;
				CLANG_ANALYZER_NONNULL = YES;
				CLANG_ANALYZER_NUMBER_OBJECT_CONVERSION = YES_AGGRESSIVE;
				CLANG_CXX_LANGUAGE_STANDARD = "gnu++20";
				CLANG_ENABLE_MODULES = YES;
				CLANG_ENABLE_OBJC_ARC = YES;
				CLANG_ENABLE_OBJC_WEAK = YES;
				CLANG_WARN_BLOCK_CAPTURE_AUTORELEASING = YES;
				CLANG_WARN_BOOL_CONVERSION = YES;
				CLANG_WARN_COMMA = YES;
				CLANG_WARN_CONSTANT_CONVERSION = YES;
				CLANG_WARN_DEPRECATED_OBJC_IMPLEMENTATIONS = YES;
				CLANG_WARN_DIRECT_OBJC_ISA_USAGE = YES_ERROR;
				CLANG_WARN_DOCUMENTATION_COMMENTS = YES;
				CLANG_WARN_EMPTY_BODY = YES;
				CLANG_WARN_ENUM_CONVERSION = YES;
				CLANG_WARN_INFINITE_RECURSION = YES;
				CLANG_WARN_INT_CONVERSION = YES;
				CLANG_WARN_NON_LITERAL_NULL_CONVERSION = YES;
				CLANG_WARN_OBJC_IMPLICIT_RETAIN_SELF = YES;
				CLANG_WARN_OBJC_LITERAL_CONVERSION = YES;
				CLANG_WARN_OBJC_ROOT_CLASS = YES_ERROR;
				CLANG_WARN_QUOTED_INCLUDE_IN_FRAMEWORK_HEADER = YES;
				CLANG_WARN_RANGE_LOOP_ANALYSIS = YES;
				CLANG_WARN_STRICT_PROTOTYPES = YES;
				CLANG_WARN_SUSPICIOUS_MOVE = YES;
				CLANG_WARN_UNGUARDED_AVAILABILITY = YES_AGGRESSIVE;
				CLANG_WARN_UNREACHABLE_CODE = YES;
				CLANG_WARN__DUPLICATE_METHOD_MATCH = YES;
				COPY_PHASE_STRIP = NO;
				DEBUG_INFORMATION_FORMAT = "dwarf-with-dsym";
				ENABLE_NS_ASSERTIONS = NO;
				ENABLE_STRICT_OBJC_MSGSEND = YES;
				GCC_C_LANGUAGE_STANDARD = gnu11;
				GCC_NO_COMMON_BLOCKS = YES;
				GCC_WARN_64_TO_32_BIT_CONVERSION = YES;
				GCC_WARN_ABOUT_RETURN_TYPE = YES_ERROR;
				GCC_WARN_UNDECLARED_SELECTOR = YES;
				GCC_WARN_UNINITIALIZED_AUTOS = YES_AGGRESSIVE;
				GCC_WARN_UNUSED_FUNCTION = YES;
				GCC_WARN_UNUSED_VARIABLE = YES;
				IPHONEOS_DEPLOYMENT_TARGET = 16.4;
				MTL_ENABLE_DEBUG_INFO = NO;
				MTL_FAST_MATH = YES;
				SDKROOT = iphoneos;
				SWIFT_COMPILATION_MODE = wholemodule;
				SWIFT_OPTIMIZATION_LEVEL = "-O";
				VALIDATE_PRODUCT = YES;
			};
			name = Release;
		};
		F9D959DC2AC204F1005E23E8 /* Debug */ = {
			isa = XCBuildConfiguration;
			buildSettings = {
				ASSETCATALOG_COMPILER_APPICON_NAME = AppIcon;
				ASSETCATALOG_COMPILER_GLOBAL_ACCENT_COLOR_NAME = AccentColor;
				CODE_SIGN_STYLE = Automatic;
				CURRENT_PROJECT_VERSION = 1;
				DEVELOPMENT_TEAM = 2V5RBDFH46;
				GENERATE_INFOPLIST_FILE = YES;
				INFOPLIST_KEY_UIApplicationSupportsIndirectInputEvents = YES;
				INFOPLIST_KEY_UILaunchStoryboardName = LaunchScreen;
				INFOPLIST_KEY_UIMainStoryboardFile = Main;
				INFOPLIST_KEY_UIStatusBarHidden = YES;
				INFOPLIST_KEY_UISupportedInterfaceOrientations = UIInterfaceOrientationLandscapeLeft;
				IPHONEOS_DEPLOYMENT_TARGET = 15.0;
				LD_RUNPATH_SEARCH_PATHS = (
					"$(inherited)",
					"@executable_path/Frameworks",
				);
				MARKETING_VERSION = 1.0;
				PRODUCT_BUNDLE_IDENTIFIER = "com.Pedro-Muller29.XiloLearn";
				PRODUCT_NAME = "$(TARGET_NAME)";
				SWIFT_EMIT_LOC_STRINGS = YES;
				SWIFT_VERSION = 5.0;
				TARGETED_DEVICE_FAMILY = "1,2";
			};
			name = Debug;
		};
		F9D959DD2AC204F1005E23E8 /* Release */ = {
			isa = XCBuildConfiguration;
			buildSettings = {
				ASSETCATALOG_COMPILER_APPICON_NAME = AppIcon;
				ASSETCATALOG_COMPILER_GLOBAL_ACCENT_COLOR_NAME = AccentColor;
				CODE_SIGN_STYLE = Automatic;
				CURRENT_PROJECT_VERSION = 1;
				DEVELOPMENT_TEAM = 2V5RBDFH46;
				GENERATE_INFOPLIST_FILE = YES;
				INFOPLIST_KEY_UIApplicationSupportsIndirectInputEvents = YES;
				INFOPLIST_KEY_UILaunchStoryboardName = LaunchScreen;
				INFOPLIST_KEY_UIMainStoryboardFile = Main;
				INFOPLIST_KEY_UIStatusBarHidden = YES;
				INFOPLIST_KEY_UISupportedInterfaceOrientations = UIInterfaceOrientationLandscapeLeft;
				IPHONEOS_DEPLOYMENT_TARGET = 15.0;
				LD_RUNPATH_SEARCH_PATHS = (
					"$(inherited)",
					"@executable_path/Frameworks",
				);
				MARKETING_VERSION = 1.0;
				PRODUCT_BUNDLE_IDENTIFIER = "com.Pedro-Muller29.XiloLearn";
				PRODUCT_NAME = "$(TARGET_NAME)";
				SWIFT_EMIT_LOC_STRINGS = YES;
				SWIFT_VERSION = 5.0;
				TARGETED_DEVICE_FAMILY = "1,2";
			};
			name = Release;
		};
/* End XCBuildConfiguration section */

/* Begin XCConfigurationList section */
		F9D959BF2AC204F0005E23E8 /* Build configuration list for PBXProject "XiloLearn" */ = {
			isa = XCConfigurationList;
			buildConfigurations = (
				F9D959D92AC204F1005E23E8 /* Debug */,
				F9D959DA2AC204F1005E23E8 /* Release */,
			);
			defaultConfigurationIsVisible = 0;
			defaultConfigurationName = Release;
		};
		F9D959DB2AC204F1005E23E8 /* Build configuration list for PBXNativeTarget "XiloLearn" */ = {
			isa = XCConfigurationList;
			buildConfigurations = (
				F9D959DC2AC204F1005E23E8 /* Debug */,
				F9D959DD2AC204F1005E23E8 /* Release */,
			);
			defaultConfigurationIsVisible = 0;
			defaultConfigurationName = Release;
		};
/* End XCConfigurationList section */
	};
	rootObject = F9D959BC2AC204F0005E23E8 /* Project object */;
}
